// !$*UTF8*$!
{
	archiveVersion = 1;
	classes = {
	};
	objectVersion = 56;
	objects = {

/* Begin PBXBuildFile section */
		BE54338D294E6A2800272219 /* VoiceGenderApp.swift in Sources */ = {isa = PBXBuildFile; fileRef = BE54338C294E6A2800272219 /* VoiceGenderApp.swift */; };
		BE543391294E6A2900272219 /* Assets.xcassets in Resources */ = {isa = PBXBuildFile; fileRef = BE543390294E6A2900272219 /* Assets.xcassets */; };
		BE543394294E6A2900272219 /* Preview Assets.xcassets in Resources */ = {isa = PBXBuildFile; fileRef = BE543393294E6A2900272219 /* Preview Assets.xcassets */; };
		BE54339C294E6AA400272219 /* ContentView.swift in Sources */ = {isa = PBXBuildFile; fileRef = BE54339A294E6AA400272219 /* ContentView.swift */; };
		BE54339D294E6AA400272219 /* VoiceAnalysisApp.swift in Sources */ = {isa = PBXBuildFile; fileRef = BE54339B294E6AA400272219 /* VoiceAnalysisApp.swift */; };
		BE5433CC294E6AAF00272219 /* Config.swift in Sources */ = {isa = PBXBuildFile; fileRef = BE54339F294E6AAF00272219 /* Config.swift */; };
		BE5433CD294E6AAF00272219 /* YINUtil.swift in Sources */ = {isa = PBXBuildFile; fileRef = BE5433A1294E6AAF00272219 /* YINUtil.swift */; };
		BE5433CE294E6AAF00272219 /* Buffer.swift in Sources */ = {isa = PBXBuildFile; fileRef = BE5433A2294E6AAF00272219 /* Buffer.swift */; };
		BE5433CF294E6AAF00272219 /* Array+Extensions.swift in Sources */ = {isa = PBXBuildFile; fileRef = BE5433A4294E6AAF00272219 /* Array+Extensions.swift */; };
		BE5433D0294E6AAF00272219 /* BarycentricEstimator.swift in Sources */ = {isa = PBXBuildFile; fileRef = BE5433A7294E6AAF00272219 /* BarycentricEstimator.swift */; };
		BE5433D1294E6AAF00272219 /* MaxValueEstimator.swift in Sources */ = {isa = PBXBuildFile; fileRef = BE5433A8294E6AAF00272219 /* MaxValueEstimator.swift */; };
		BE5433D2294E6AAF00272219 /* JainsEstimator.swift in Sources */ = {isa = PBXBuildFile; fileRef = BE5433A9294E6AAF00272219 /* JainsEstimator.swift */; };
		BE5433D3294E6AAF00272219 /* QuinnsSecondEstimator.swift in Sources */ = {isa = PBXBuildFile; fileRef = BE5433AA294E6AAF00272219 /* QuinnsSecondEstimator.swift */; };
		BE5433D4294E6AAF00272219 /* QuinnsFirstEstimator.swift in Sources */ = {isa = PBXBuildFile; fileRef = BE5433AB294E6AAF00272219 /* QuinnsFirstEstimator.swift */; };
		BE5433D5294E6AAF00272219 /* HPSEstimator.swift in Sources */ = {isa = PBXBuildFile; fileRef = BE5433AC294E6AAF00272219 /* HPSEstimator.swift */; };
		BE5433D6294E6AAF00272219 /* YINEstimator.swift in Sources */ = {isa = PBXBuildFile; fileRef = BE5433AD294E6AAF00272219 /* YINEstimator.swift */; };
		BE5433D7294E6AAF00272219 /* QuadradicEstimator.swift in Sources */ = {isa = PBXBuildFile; fileRef = BE5433AE294E6AAF00272219 /* QuadradicEstimator.swift */; };
		BE5433D8294E6AAF00272219 /* LocationEstimator.swift in Sources */ = {isa = PBXBuildFile; fileRef = BE5433AF294E6AAF00272219 /* LocationEstimator.swift */; };
		BE5433D9294E6AAF00272219 /* EstimationError.swift in Sources */ = {isa = PBXBuildFile; fileRef = BE5433B0294E6AAF00272219 /* EstimationError.swift */; };
		BE5433DA294E6AAF00272219 /* Estimator.swift in Sources */ = {isa = PBXBuildFile; fileRef = BE5433B1294E6AAF00272219 /* Estimator.swift */; };
		BE5433DB294E6AAF00272219 /* EstimationFactory.swift in Sources */ = {isa = PBXBuildFile; fileRef = BE5433B2294E6AAF00272219 /* EstimationFactory.swift */; };
		BE5433DC294E6AAF00272219 /* EstimationStrategy.swift in Sources */ = {isa = PBXBuildFile; fileRef = BE5433B3294E6AAF00272219 /* EstimationStrategy.swift */; };
		BE5433DD294E6AAF00272219 /* SignalTracker.swift in Sources */ = {isa = PBXBuildFile; fileRef = BE5433B5294E6AAF00272219 /* SignalTracker.swift */; };
		BE5433DE294E6AAF00272219 /* SimulatorSignalTracker.swift in Sources */ = {isa = PBXBuildFile; fileRef = BE5433B7294E6AAF00272219 /* SimulatorSignalTracker.swift */; };
		BE5433DF294E6AAF00272219 /* OutputSignalTracker.swift in Sources */ = {isa = PBXBuildFile; fileRef = BE5433B8294E6AAF00272219 /* OutputSignalTracker.swift */; };
		BE5433E0294E6AAF00272219 /* InputSignalTracker.swift in Sources */ = {isa = PBXBuildFile; fileRef = BE5433B9294E6AAF00272219 /* InputSignalTracker.swift */; };
		BE5433E1294E6AAF00272219 /* Transformer.swift in Sources */ = {isa = PBXBuildFile; fileRef = BE5433BB294E6AAF00272219 /* Transformer.swift */; };
		BE5433E2294E6AAF00272219 /* YINTransformer.swift in Sources */ = {isa = PBXBuildFile; fileRef = BE5433BD294E6AAF00272219 /* YINTransformer.swift */; };
		BE5433E3294E6AAF00272219 /* FFTTransformer.swift in Sources */ = {isa = PBXBuildFile; fileRef = BE5433BE294E6AAF00272219 /* FFTTransformer.swift */; };
		BE5433E4294E6AAF00272219 /* SimpleTransformer.swift in Sources */ = {isa = PBXBuildFile; fileRef = BE5433BF294E6AAF00272219 /* SimpleTransformer.swift */; };
		BE5433E5294E6AAF00272219 /* PitchEngine.swift in Sources */ = {isa = PBXBuildFile; fileRef = BE5433C0294E6AAF00272219 /* PitchEngine.swift */; };
		BE5433E6294E6AAF00272219 /* Error.swift in Sources */ = {isa = PBXBuildFile; fileRef = BE5433C2294E6AAF00272219 /* Error.swift */; };
		BE5433E7294E6AAF00272219 /* WaveCalculator.swift in Sources */ = {isa = PBXBuildFile; fileRef = BE5433C4294E6AAF00272219 /* WaveCalculator.swift */; };
		BE5433E8294E6AAF00272219 /* NoteCalculator.swift in Sources */ = {isa = PBXBuildFile; fileRef = BE5433C5294E6AAF00272219 /* NoteCalculator.swift */; };
		BE5433E9294E6AAF00272219 /* PitchCalculator.swift in Sources */ = {isa = PBXBuildFile; fileRef = BE5433C6294E6AAF00272219 /* PitchCalculator.swift */; };
		BE5433EA294E6AAF00272219 /* FrequencyValidator.swift in Sources */ = {isa = PBXBuildFile; fileRef = BE5433C7294E6AAF00272219 /* FrequencyValidator.swift */; };
		BE5433EB294E6AAF00272219 /* Pitch.swift in Sources */ = {isa = PBXBuildFile; fileRef = BE5433C9294E6AAF00272219 /* Pitch.swift */; };
		BE5433EC294E6AAF00272219 /* AcousticWave.swift in Sources */ = {isa = PBXBuildFile; fileRef = BE5433CA294E6AAF00272219 /* AcousticWave.swift */; };
		BE5433ED294E6AAF00272219 /* Note.swift in Sources */ = {isa = PBXBuildFile; fileRef = BE5433CB294E6AAF00272219 /* Note.swift */; };
/* End PBXBuildFile section */

/* Begin PBXFileReference section */
		BE543389294E6A2800272219 /* VoiceGender.app */ = {isa = PBXFileReference; explicitFileType = wrapper.application; includeInIndex = 0; path = VoiceGender.app; sourceTree = BUILT_PRODUCTS_DIR; };
		BE54338C294E6A2800272219 /* VoiceGenderApp.swift */ = {isa = PBXFileReference; lastKnownFileType = sourcecode.swift; path = VoiceGenderApp.swift; sourceTree = "<group>"; };
		BE543390294E6A2900272219 /* Assets.xcassets */ = {isa = PBXFileReference; lastKnownFileType = folder.assetcatalog; path = Assets.xcassets; sourceTree = "<group>"; };
		BE543393294E6A2900272219 /* Preview Assets.xcassets */ = {isa = PBXFileReference; lastKnownFileType = folder.assetcatalog; path = "Preview Assets.xcassets"; sourceTree = "<group>"; };
		BE54339A294E6AA400272219 /* ContentView.swift */ = {isa = PBXFileReference; fileEncoding = 4; lastKnownFileType = sourcecode.swift; path = ContentView.swift; sourceTree = "<group>"; };
		BE54339B294E6AA400272219 /* VoiceAnalysisApp.swift */ = {isa = PBXFileReference; fileEncoding = 4; lastKnownFileType = sourcecode.swift; path = VoiceAnalysisApp.swift; sourceTree = "<group>"; };
		BE54339F294E6AAF00272219 /* Config.swift */ = {isa = PBXFileReference; fileEncoding = 4; lastKnownFileType = sourcecode.swift; path = Config.swift; sourceTree = "<group>"; };
		BE5433A1294E6AAF00272219 /* YINUtil.swift */ = {isa = PBXFileReference; fileEncoding = 4; lastKnownFileType = sourcecode.swift; path = YINUtil.swift; sourceTree = "<group>"; };
		BE5433A2294E6AAF00272219 /* Buffer.swift */ = {isa = PBXFileReference; fileEncoding = 4; lastKnownFileType = sourcecode.swift; path = Buffer.swift; sourceTree = "<group>"; };
		BE5433A4294E6AAF00272219 /* Array+Extensions.swift */ = {isa = PBXFileReference; fileEncoding = 4; lastKnownFileType = sourcecode.swift; path = "Array+Extensions.swift"; sourceTree = "<group>"; };
		BE5433A7294E6AAF00272219 /* BarycentricEstimator.swift */ = {isa = PBXFileReference; fileEncoding = 4; lastKnownFileType = sourcecode.swift; path = BarycentricEstimator.swift; sourceTree = "<group>"; };
		BE5433A8294E6AAF00272219 /* MaxValueEstimator.swift */ = {isa = PBXFileReference; fileEncoding = 4; lastKnownFileType = sourcecode.swift; path = MaxValueEstimator.swift; sourceTree = "<group>"; };
		BE5433A9294E6AAF00272219 /* JainsEstimator.swift */ = {isa = PBXFileReference; fileEncoding = 4; lastKnownFileType = sourcecode.swift; path = JainsEstimator.swift; sourceTree = "<group>"; };
		BE5433AA294E6AAF00272219 /* QuinnsSecondEstimator.swift */ = {isa = PBXFileReference; fileEncoding = 4; lastKnownFileType = sourcecode.swift; path = QuinnsSecondEstimator.swift; sourceTree = "<group>"; };
		BE5433AB294E6AAF00272219 /* QuinnsFirstEstimator.swift */ = {isa = PBXFileReference; fileEncoding = 4; lastKnownFileType = sourcecode.swift; path = QuinnsFirstEstimator.swift; sourceTree = "<group>"; };
		BE5433AC294E6AAF00272219 /* HPSEstimator.swift */ = {isa = PBXFileReference; fileEncoding = 4; lastKnownFileType = sourcecode.swift; path = HPSEstimator.swift; sourceTree = "<group>"; };
		BE5433AD294E6AAF00272219 /* YINEstimator.swift */ = {isa = PBXFileReference; fileEncoding = 4; lastKnownFileType = sourcecode.swift; path = YINEstimator.swift; sourceTree = "<group>"; };
		BE5433AE294E6AAF00272219 /* QuadradicEstimator.swift */ = {isa = PBXFileReference; fileEncoding = 4; lastKnownFileType = sourcecode.swift; path = QuadradicEstimator.swift; sourceTree = "<group>"; };
		BE5433AF294E6AAF00272219 /* LocationEstimator.swift */ = {isa = PBXFileReference; fileEncoding = 4; lastKnownFileType = sourcecode.swift; path = LocationEstimator.swift; sourceTree = "<group>"; };
		BE5433B0294E6AAF00272219 /* EstimationError.swift */ = {isa = PBXFileReference; fileEncoding = 4; lastKnownFileType = sourcecode.swift; path = EstimationError.swift; sourceTree = "<group>"; };
		BE5433B1294E6AAF00272219 /* Estimator.swift */ = {isa = PBXFileReference; fileEncoding = 4; lastKnownFileType = sourcecode.swift; path = Estimator.swift; sourceTree = "<group>"; };
		BE5433B2294E6AAF00272219 /* EstimationFactory.swift */ = {isa = PBXFileReference; fileEncoding = 4; lastKnownFileType = sourcecode.swift; path = EstimationFactory.swift; sourceTree = "<group>"; };
		BE5433B3294E6AAF00272219 /* EstimationStrategy.swift */ = {isa = PBXFileReference; fileEncoding = 4; lastKnownFileType = sourcecode.swift; path = EstimationStrategy.swift; sourceTree = "<group>"; };
		BE5433B5294E6AAF00272219 /* SignalTracker.swift */ = {isa = PBXFileReference; fileEncoding = 4; lastKnownFileType = sourcecode.swift; path = SignalTracker.swift; sourceTree = "<group>"; };
		BE5433B7294E6AAF00272219 /* SimulatorSignalTracker.swift */ = {isa = PBXFileReference; fileEncoding = 4; lastKnownFileType = sourcecode.swift; path = SimulatorSignalTracker.swift; sourceTree = "<group>"; };
		BE5433B8294E6AAF00272219 /* OutputSignalTracker.swift */ = {isa = PBXFileReference; fileEncoding = 4; lastKnownFileType = sourcecode.swift; path = OutputSignalTracker.swift; sourceTree = "<group>"; };
		BE5433B9294E6AAF00272219 /* InputSignalTracker.swift */ = {isa = PBXFileReference; fileEncoding = 4; lastKnownFileType = sourcecode.swift; path = InputSignalTracker.swift; sourceTree = "<group>"; };
		BE5433BB294E6AAF00272219 /* Transformer.swift */ = {isa = PBXFileReference; fileEncoding = 4; lastKnownFileType = sourcecode.swift; path = Transformer.swift; sourceTree = "<group>"; };
		BE5433BD294E6AAF00272219 /* YINTransformer.swift */ = {isa = PBXFileReference; fileEncoding = 4; lastKnownFileType = sourcecode.swift; path = YINTransformer.swift; sourceTree = "<group>"; };
		BE5433BE294E6AAF00272219 /* FFTTransformer.swift */ = {isa = PBXFileReference; fileEncoding = 4; lastKnownFileType = sourcecode.swift; path = FFTTransformer.swift; sourceTree = "<group>"; };
		BE5433BF294E6AAF00272219 /* SimpleTransformer.swift */ = {isa = PBXFileReference; fileEncoding = 4; lastKnownFileType = sourcecode.swift; path = SimpleTransformer.swift; sourceTree = "<group>"; };
		BE5433C0294E6AAF00272219 /* PitchEngine.swift */ = {isa = PBXFileReference; fileEncoding = 4; lastKnownFileType = sourcecode.swift; path = PitchEngine.swift; sourceTree = "<group>"; };
		BE5433C2294E6AAF00272219 /* Error.swift */ = {isa = PBXFileReference; fileEncoding = 4; lastKnownFileType = sourcecode.swift; path = Error.swift; sourceTree = "<group>"; };
		BE5433C4294E6AAF00272219 /* WaveCalculator.swift */ = {isa = PBXFileReference; fileEncoding = 4; lastKnownFileType = sourcecode.swift; path = WaveCalculator.swift; sourceTree = "<group>"; };
		BE5433C5294E6AAF00272219 /* NoteCalculator.swift */ = {isa = PBXFileReference; fileEncoding = 4; lastKnownFileType = sourcecode.swift; path = NoteCalculator.swift; sourceTree = "<group>"; };
		BE5433C6294E6AAF00272219 /* PitchCalculator.swift */ = {isa = PBXFileReference; fileEncoding = 4; lastKnownFileType = sourcecode.swift; path = PitchCalculator.swift; sourceTree = "<group>"; };
		BE5433C7294E6AAF00272219 /* FrequencyValidator.swift */ = {isa = PBXFileReference; fileEncoding = 4; lastKnownFileType = sourcecode.swift; path = FrequencyValidator.swift; sourceTree = "<group>"; };
		BE5433C9294E6AAF00272219 /* Pitch.swift */ = {isa = PBXFileReference; fileEncoding = 4; lastKnownFileType = sourcecode.swift; path = Pitch.swift; sourceTree = "<group>"; };
		BE5433CA294E6AAF00272219 /* AcousticWave.swift */ = {isa = PBXFileReference; fileEncoding = 4; lastKnownFileType = sourcecode.swift; path = AcousticWave.swift; sourceTree = "<group>"; };
		BE5433CB294E6AAF00272219 /* Note.swift */ = {isa = PBXFileReference; fileEncoding = 4; lastKnownFileType = sourcecode.swift; path = Note.swift; sourceTree = "<group>"; };
/* End PBXFileReference section */

/* Begin PBXFrameworksBuildPhase section */
		BE543386294E6A2800272219 /* Frameworks */ = {
			isa = PBXFrameworksBuildPhase;
			buildActionMask = 2147483647;
			files = (
			);
			runOnlyForDeploymentPostprocessing = 0;
		};
/* End PBXFrameworksBuildPhase section */

/* Begin PBXGroup section */
		BE543380294E6A2800272219 = {
			isa = PBXGroup;
			children = (
				BE54338B294E6A2800272219 /* VoiceGender */,
				BE54338A294E6A2800272219 /* Products */,
			);
			sourceTree = "<group>";
		};
		BE54338A294E6A2800272219 /* Products */ = {
			isa = PBXGroup;
			children = (
				BE543389294E6A2800272219 /* VoiceGender.app */,
			);
			name = Products;
			sourceTree = "<group>";
		};
		BE54338B294E6A2800272219 /* VoiceGender */ = {
			isa = PBXGroup;
			children = (
				BE54339E294E6AAF00272219 /* Bethowen */,
				BE5433C1294E6AAF00272219 /* Pitchy */,
				BE54339A294E6AA400272219 /* ContentView.swift */,
				BE54339B294E6AA400272219 /* VoiceAnalysisApp.swift */,
				BE54338C294E6A2800272219 /* VoiceGenderApp.swift */,
				BE543390294E6A2900272219 /* Assets.xcassets */,
				BE543392294E6A2900272219 /* Preview Content */,
			);
			path = VoiceGender;
			sourceTree = "<group>";
		};
		BE543392294E6A2900272219 /* Preview Content */ = {
			isa = PBXGroup;
			children = (
				BE543393294E6A2900272219 /* Preview Assets.xcassets */,
			);
			path = "Preview Content";
			sourceTree = "<group>";
		};
		BE54339E294E6AAF00272219 /* Bethowen */ = {
			isa = PBXGroup;
			children = (
				BE54339F294E6AAF00272219 /* Config.swift */,
				BE5433A0294E6AAF00272219 /* Library */,
				BE5433A5294E6AAF00272219 /* Estimation */,
				BE5433B4294E6AAF00272219 /* SignalTracking */,
				BE5433BA294E6AAF00272219 /* Transform */,
				BE5433C0294E6AAF00272219 /* PitchEngine.swift */,
			);
			path = Bethowen;
			sourceTree = "<group>";
		};
		BE5433A0294E6AAF00272219 /* Library */ = {
			isa = PBXGroup;
			children = (
				BE5433A1294E6AAF00272219 /* YINUtil.swift */,
				BE5433A2294E6AAF00272219 /* Buffer.swift */,
				BE5433A3294E6AAF00272219 /* Extensions */,
			);
			path = Library;
			sourceTree = "<group>";
		};
		BE5433A3294E6AAF00272219 /* Extensions */ = {
			isa = PBXGroup;
			children = (
				BE5433A4294E6AAF00272219 /* Array+Extensions.swift */,
			);
			path = Extensions;
			sourceTree = "<group>";
		};
		BE5433A5294E6AAF00272219 /* Estimation */ = {
			isa = PBXGroup;
			children = (
				BE5433A6294E6AAF00272219 /* Strategies */,
				BE5433AF294E6AAF00272219 /* LocationEstimator.swift */,
				BE5433B0294E6AAF00272219 /* EstimationError.swift */,
				BE5433B1294E6AAF00272219 /* Estimator.swift */,
				BE5433B2294E6AAF00272219 /* EstimationFactory.swift */,
				BE5433B3294E6AAF00272219 /* EstimationStrategy.swift */,
			);
			path = Estimation;
			sourceTree = "<group>";
		};
		BE5433A6294E6AAF00272219 /* Strategies */ = {
			isa = PBXGroup;
			children = (
				BE5433A7294E6AAF00272219 /* BarycentricEstimator.swift */,
				BE5433A8294E6AAF00272219 /* MaxValueEstimator.swift */,
				BE5433A9294E6AAF00272219 /* JainsEstimator.swift */,
				BE5433AA294E6AAF00272219 /* QuinnsSecondEstimator.swift */,
				BE5433AB294E6AAF00272219 /* QuinnsFirstEstimator.swift */,
				BE5433AC294E6AAF00272219 /* HPSEstimator.swift */,
				BE5433AD294E6AAF00272219 /* YINEstimator.swift */,
				BE5433AE294E6AAF00272219 /* QuadradicEstimator.swift */,
			);
			path = Strategies;
			sourceTree = "<group>";
		};
		BE5433B4294E6AAF00272219 /* SignalTracking */ = {
			isa = PBXGroup;
			children = (
				BE5433B5294E6AAF00272219 /* SignalTracker.swift */,
				BE5433B6294E6AAF00272219 /* Units */,
			);
			path = SignalTracking;
			sourceTree = "<group>";
		};
		BE5433B6294E6AAF00272219 /* Units */ = {
			isa = PBXGroup;
			children = (
				BE5433B7294E6AAF00272219 /* SimulatorSignalTracker.swift */,
				BE5433B8294E6AAF00272219 /* OutputSignalTracker.swift */,
				BE5433B9294E6AAF00272219 /* InputSignalTracker.swift */,
			);
			path = Units;
			sourceTree = "<group>";
		};
		BE5433BA294E6AAF00272219 /* Transform */ = {
			isa = PBXGroup;
			children = (
				BE5433BB294E6AAF00272219 /* Transformer.swift */,
				BE5433BC294E6AAF00272219 /* Strategies */,
			);
			path = Transform;
			sourceTree = "<group>";
		};
		BE5433BC294E6AAF00272219 /* Strategies */ = {
			isa = PBXGroup;
			children = (
				BE5433BD294E6AAF00272219 /* YINTransformer.swift */,
				BE5433BE294E6AAF00272219 /* FFTTransformer.swift */,
				BE5433BF294E6AAF00272219 /* SimpleTransformer.swift */,
			);
			path = Strategies;
			sourceTree = "<group>";
		};
		BE5433C1294E6AAF00272219 /* Pitchy */ = {
			isa = PBXGroup;
			children = (
				BE5433C2294E6AAF00272219 /* Error.swift */,
				BE5433C3294E6AAF00272219 /* Calculators */,
				BE5433C7294E6AAF00272219 /* FrequencyValidator.swift */,
				BE5433C8294E6AAF00272219 /* Data */,
			);
			path = Pitchy;
			sourceTree = "<group>";
		};
		BE5433C3294E6AAF00272219 /* Calculators */ = {
			isa = PBXGroup;
			children = (
				BE5433C4294E6AAF00272219 /* WaveCalculator.swift */,
				BE5433C5294E6AAF00272219 /* NoteCalculator.swift */,
				BE5433C6294E6AAF00272219 /* PitchCalculator.swift */,
			);
			path = Calculators;
			sourceTree = "<group>";
		};
		BE5433C8294E6AAF00272219 /* Data */ = {
			isa = PBXGroup;
			children = (
				BE5433C9294E6AAF00272219 /* Pitch.swift */,
				BE5433CA294E6AAF00272219 /* AcousticWave.swift */,
				BE5433CB294E6AAF00272219 /* Note.swift */,
			);
			path = Data;
			sourceTree = "<group>";
		};
/* End PBXGroup section */

/* Begin PBXNativeTarget section */
		BE543388294E6A2800272219 /* VoiceGender */ = {
			isa = PBXNativeTarget;
			buildConfigurationList = BE543397294E6A2900272219 /* Build configuration list for PBXNativeTarget "VoiceGender" */;
			buildPhases = (
				BE543385294E6A2800272219 /* Sources */,
				BE543386294E6A2800272219 /* Frameworks */,
				BE543387294E6A2800272219 /* Resources */,
			);
			buildRules = (
			);
			dependencies = (
			);
			name = VoiceGender;
			productName = VoiceGender;
			productReference = BE543389294E6A2800272219 /* VoiceGender.app */;
			productType = "com.apple.product-type.application";
		};
/* End PBXNativeTarget section */

/* Begin PBXProject section */
		BE543381294E6A2800272219 /* Project object */ = {
			isa = PBXProject;
			attributes = {
				BuildIndependentTargetsInParallel = 1;
				LastSwiftUpdateCheck = 1400;
				LastUpgradeCheck = 1400;
				TargetAttributes = {
					BE543388294E6A2800272219 = {
						CreatedOnToolsVersion = 14.0;
					};
				};
			};
			buildConfigurationList = BE543384294E6A2800272219 /* Build configuration list for PBXProject "VoiceGender" */;
			compatibilityVersion = "Xcode 14.0";
			developmentRegion = en;
			hasScannedForEncodings = 0;
			knownRegions = (
				en,
				Base,
			);
			mainGroup = BE543380294E6A2800272219;
			productRefGroup = BE54338A294E6A2800272219 /* Products */;
			projectDirPath = "";
			projectRoot = "";
			targets = (
				BE543388294E6A2800272219 /* VoiceGender */,
			);
		};
/* End PBXProject section */

/* Begin PBXResourcesBuildPhase section */
		BE543387294E6A2800272219 /* Resources */ = {
			isa = PBXResourcesBuildPhase;
			buildActionMask = 2147483647;
			files = (
				BE543394294E6A2900272219 /* Preview Assets.xcassets in Resources */,
				BE543391294E6A2900272219 /* Assets.xcassets in Resources */,
			);
			runOnlyForDeploymentPostprocessing = 0;
		};
/* End PBXResourcesBuildPhase section */

/* Begin PBXSourcesBuildPhase section */
		BE543385294E6A2800272219 /* Sources */ = {
			isa = PBXSourcesBuildPhase;
			buildActionMask = 2147483647;
			files = (
				BE5433D2294E6AAF00272219 /* JainsEstimator.swift in Sources */,
				BE54339D294E6AA400272219 /* VoiceAnalysisApp.swift in Sources */,
				BE5433E3294E6AAF00272219 /* FFTTransformer.swift in Sources */,
				BE5433CC294E6AAF00272219 /* Config.swift in Sources */,
				BE5433D8294E6AAF00272219 /* LocationEstimator.swift in Sources */,
				BE54339C294E6AA400272219 /* ContentView.swift in Sources */,
				BE5433D3294E6AAF00272219 /* QuinnsSecondEstimator.swift in Sources */,
				BE5433E5294E6AAF00272219 /* PitchEngine.swift in Sources */,
				BE5433DB294E6AAF00272219 /* EstimationFactory.swift in Sources */,
				BE5433D1294E6AAF00272219 /* MaxValueEstimator.swift in Sources */,
				BE5433D5294E6AAF00272219 /* HPSEstimator.swift in Sources */,
				BE5433D0294E6AAF00272219 /* BarycentricEstimator.swift in Sources */,
				BE5433D4294E6AAF00272219 /* QuinnsFirstEstimator.swift in Sources */,
				BE5433DF294E6AAF00272219 /* OutputSignalTracker.swift in Sources */,
				BE5433DE294E6AAF00272219 /* SimulatorSignalTracker.swift in Sources */,
				BE5433EC294E6AAF00272219 /* AcousticWave.swift in Sources */,
				BE5433E8294E6AAF00272219 /* NoteCalculator.swift in Sources */,
				BE5433CF294E6AAF00272219 /* Array+Extensions.swift in Sources */,
				BE5433E4294E6AAF00272219 /* SimpleTransformer.swift in Sources */,
				BE54338D294E6A2800272219 /* VoiceGenderApp.swift in Sources */,
				BE5433DA294E6AAF00272219 /* Estimator.swift in Sources */,
				BE5433D7294E6AAF00272219 /* QuadradicEstimator.swift in Sources */,
				BE5433DC294E6AAF00272219 /* EstimationStrategy.swift in Sources */,
				BE5433E2294E6AAF00272219 /* YINTransformer.swift in Sources */,
				BE5433E1294E6AAF00272219 /* Transformer.swift in Sources */,
				BE5433E7294E6AAF00272219 /* WaveCalculator.swift in Sources */,
				BE5433EA294E6AAF00272219 /* FrequencyValidator.swift in Sources */,
				BE5433D9294E6AAF00272219 /* EstimationError.swift in Sources */,
				BE5433CD294E6AAF00272219 /* YINUtil.swift in Sources */,
				BE5433CE294E6AAF00272219 /* Buffer.swift in Sources */,
				BE5433EB294E6AAF00272219 /* Pitch.swift in Sources */,
				BE5433E0294E6AAF00272219 /* InputSignalTracker.swift in Sources */,
				BE5433DD294E6AAF00272219 /* SignalTracker.swift in Sources */,
				BE5433E6294E6AAF00272219 /* Error.swift in Sources */,
				BE5433E9294E6AAF00272219 /* PitchCalculator.swift in Sources */,
				BE5433ED294E6AAF00272219 /* Note.swift in Sources */,
				BE5433D6294E6AAF00272219 /* YINEstimator.swift in Sources */,
			);
			runOnlyForDeploymentPostprocessing = 0;
		};
/* End PBXSourcesBuildPhase section */

/* Begin XCBuildConfiguration section */
		BE543395294E6A2900272219 /* Debug */ = {
			isa = XCBuildConfiguration;
			buildSettings = {
				ALWAYS_SEARCH_USER_PATHS = NO;
				CLANG_ANALYZER_NONNULL = YES;
				CLANG_ANALYZER_NUMBER_OBJECT_CONVERSION = YES_AGGRESSIVE;
				CLANG_CXX_LANGUAGE_STANDARD = "gnu++20";
				CLANG_ENABLE_MODULES = YES;
				CLANG_ENABLE_OBJC_ARC = YES;
				CLANG_ENABLE_OBJC_WEAK = YES;
				CLANG_WARN_BLOCK_CAPTURE_AUTORELEASING = YES;
				CLANG_WARN_BOOL_CONVERSION = YES;
				CLANG_WARN_COMMA = YES;
				CLANG_WARN_CONSTANT_CONVERSION = YES;
				CLANG_WARN_DEPRECATED_OBJC_IMPLEMENTATIONS = YES;
				CLANG_WARN_DIRECT_OBJC_ISA_USAGE = YES_ERROR;
				CLANG_WARN_DOCUMENTATION_COMMENTS = YES;
				CLANG_WARN_EMPTY_BODY = YES;
				CLANG_WARN_ENUM_CONVERSION = YES;
				CLANG_WARN_INFINITE_RECURSION = YES;
				CLANG_WARN_INT_CONVERSION = YES;
				CLANG_WARN_NON_LITERAL_NULL_CONVERSION = YES;
				CLANG_WARN_OBJC_IMPLICIT_RETAIN_SELF = YES;
				CLANG_WARN_OBJC_LITERAL_CONVERSION = YES;
				CLANG_WARN_OBJC_ROOT_CLASS = YES_ERROR;
				CLANG_WARN_QUOTED_INCLUDE_IN_FRAMEWORK_HEADER = YES;
				CLANG_WARN_RANGE_LOOP_ANALYSIS = YES;
				CLANG_WARN_STRICT_PROTOTYPES = YES;
				CLANG_WARN_SUSPICIOUS_MOVE = YES;
				CLANG_WARN_UNGUARDED_AVAILABILITY = YES_AGGRESSIVE;
				CLANG_WARN_UNREACHABLE_CODE = YES;
				CLANG_WARN__DUPLICATE_METHOD_MATCH = YES;
				COPY_PHASE_STRIP = NO;
				DEBUG_INFORMATION_FORMAT = dwarf;
				ENABLE_STRICT_OBJC_MSGSEND = YES;
				ENABLE_TESTABILITY = YES;
				GCC_C_LANGUAGE_STANDARD = gnu11;
				GCC_DYNAMIC_NO_PIC = NO;
				GCC_NO_COMMON_BLOCKS = YES;
				GCC_OPTIMIZATION_LEVEL = 0;
				GCC_PREPROCESSOR_DEFINITIONS = (
					"DEBUG=1",
					"$(inherited)",
				);
				GCC_WARN_64_TO_32_BIT_CONVERSION = YES;
				GCC_WARN_ABOUT_RETURN_TYPE = YES_ERROR;
				GCC_WARN_UNDECLARED_SELECTOR = YES;
				GCC_WARN_UNINITIALIZED_AUTOS = YES_AGGRESSIVE;
				GCC_WARN_UNUSED_FUNCTION = YES;
				GCC_WARN_UNUSED_VARIABLE = YES;
				IPHONEOS_DEPLOYMENT_TARGET = 16.0;
				MTL_ENABLE_DEBUG_INFO = INCLUDE_SOURCE;
				MTL_FAST_MATH = YES;
				ONLY_ACTIVE_ARCH = YES;
				SDKROOT = iphoneos;
				SWIFT_ACTIVE_COMPILATION_CONDITIONS = DEBUG;
				SWIFT_OPTIMIZATION_LEVEL = "-Onone";
			};
			name = Debug;
		};
		BE543396294E6A2900272219 /* Release */ = {
			isa = XCBuildConfiguration;
			buildSettings = {
				ALWAYS_SEARCH_USER_PATHS = NO;
				CLANG_ANALYZER_NONNULL = YES;
				CLANG_ANALYZER_NUMBER_OBJECT_CONVERSION = YES_AGGRESSIVE;
				CLANG_CXX_LANGUAGE_STANDARD = "gnu++20";
				CLANG_ENABLE_MODULES = YES;
				CLANG_ENABLE_OBJC_ARC = YES;
				CLANG_ENABLE_OBJC_WEAK = YES;
				CLANG_WARN_BLOCK_CAPTURE_AUTORELEASING = YES;
				CLANG_WARN_BOOL_CONVERSION = YES;
				CLANG_WARN_COMMA = YES;
				CLANG_WARN_CONSTANT_CONVERSION = YES;
				CLANG_WARN_DEPRECATED_OBJC_IMPLEMENTATIONS = YES;
				CLANG_WARN_DIRECT_OBJC_ISA_USAGE = YES_ERROR;
				CLANG_WARN_DOCUMENTATION_COMMENTS = YES;
				CLANG_WARN_EMPTY_BODY = YES;
				CLANG_WARN_ENUM_CONVERSION = YES;
				CLANG_WARN_INFINITE_RECURSION = YES;
				CLANG_WARN_INT_CONVERSION = YES;
				CLANG_WARN_NON_LITERAL_NULL_CONVERSION = YES;
				CLANG_WARN_OBJC_IMPLICIT_RETAIN_SELF = YES;
				CLANG_WARN_OBJC_LITERAL_CONVERSION = YES;
				CLANG_WARN_OBJC_ROOT_CLASS = YES_ERROR;
				CLANG_WARN_QUOTED_INCLUDE_IN_FRAMEWORK_HEADER = YES;
				CLANG_WARN_RANGE_LOOP_ANALYSIS = YES;
				CLANG_WARN_STRICT_PROTOTYPES = YES;
				CLANG_WARN_SUSPICIOUS_MOVE = YES;
				CLANG_WARN_UNGUARDED_AVAILABILITY = YES_AGGRESSIVE;
				CLANG_WARN_UNREACHABLE_CODE = YES;
				CLANG_WARN__DUPLICATE_METHOD_MATCH = YES;
				COPY_PHASE_STRIP = NO;
				DEBUG_INFORMATION_FORMAT = "dwarf-with-dsym";
				ENABLE_NS_ASSERTIONS = NO;
				ENABLE_STRICT_OBJC_MSGSEND = YES;
				GCC_C_LANGUAGE_STANDARD = gnu11;
				GCC_NO_COMMON_BLOCKS = YES;
				GCC_WARN_64_TO_32_BIT_CONVERSION = YES;
				GCC_WARN_ABOUT_RETURN_TYPE = YES_ERROR;
				GCC_WARN_UNDECLARED_SELECTOR = YES;
				GCC_WARN_UNINITIALIZED_AUTOS = YES_AGGRESSIVE;
				GCC_WARN_UNUSED_FUNCTION = YES;
				GCC_WARN_UNUSED_VARIABLE = YES;
				IPHONEOS_DEPLOYMENT_TARGET = 16.0;
				MTL_ENABLE_DEBUG_INFO = NO;
				MTL_FAST_MATH = YES;
				SDKROOT = iphoneos;
				SWIFT_COMPILATION_MODE = wholemodule;
				SWIFT_OPTIMIZATION_LEVEL = "-O";
				VALIDATE_PRODUCT = YES;
			};
			name = Release;
		};
		BE543398294E6A2900272219 /* Debug */ = {
			isa = XCBuildConfiguration;
			buildSettings = {
				ASSETCATALOG_COMPILER_APPICON_NAME = AppIcon;
				ASSETCATALOG_COMPILER_GLOBAL_ACCENT_COLOR_NAME = AccentColor;
				CODE_SIGN_STYLE = Automatic;
				CURRENT_PROJECT_VERSION = 1;
				DEVELOPMENT_ASSET_PATHS = "\"VoiceGender/Preview Content\"";
				DEVELOPMENT_TEAM = MHT8X3GHR9;
				ENABLE_PREVIEWS = YES;
				GENERATE_INFOPLIST_FILE = YES;
				INFOPLIST_KEY_NSMicrophoneUsageDescription = "Needs mic";
				INFOPLIST_KEY_UIApplicationSceneManifest_Generation = YES;
				INFOPLIST_KEY_UIApplicationSupportsIndirectInputEvents = YES;
				INFOPLIST_KEY_UILaunchScreen_Generation = YES;
				INFOPLIST_KEY_UISupportedInterfaceOrientations_iPad = "UIInterfaceOrientationPortrait UIInterfaceOrientationPortraitUpsideDown UIInterfaceOrientationLandscapeLeft UIInterfaceOrientationLandscapeRight";
				INFOPLIST_KEY_UISupportedInterfaceOrientations_iPhone = "UIInterfaceOrientationPortrait UIInterfaceOrientationLandscapeLeft UIInterfaceOrientationLandscapeRight";
				LD_RUNPATH_SEARCH_PATHS = (
					"$(inherited)",
					"@executable_path/Frameworks",
				);
				MARKETING_VERSION = 1.0;
				PRODUCT_BUNDLE_IDENTIFIER = akardas16.VoiceGender;
				PRODUCT_NAME = "$(TARGET_NAME)";
				SWIFT_EMIT_LOC_STRINGS = YES;
				SWIFT_VERSION = 5.0;
				TARGETED_DEVICE_FAMILY = "1,2";
			};
			name = Debug;
		};
		BE543399294E6A2900272219 /* Release */ = {
			isa = XCBuildConfiguration;
			buildSettings = {
				ASSETCATALOG_COMPILER_APPICON_NAME = AppIcon;
				ASSETCATALOG_COMPILER_GLOBAL_ACCENT_COLOR_NAME = AccentColor;
				CODE_SIGN_STYLE = Automatic;
				CURRENT_PROJECT_VERSION = 1;
				DEVELOPMENT_ASSET_PATHS = "\"VoiceGender/Preview Content\"";
				DEVELOPMENT_TEAM = MHT8X3GHR9;
				ENABLE_PREVIEWS = YES;
				GENERATE_INFOPLIST_FILE = YES;
				INFOPLIST_KEY_NSMicrophoneUsageDescription = "Needs mic";
				INFOPLIST_KEY_UIApplicationSceneManifest_Generation = YES;
				INFOPLIST_KEY_UIApplicationSupportsIndirectInputEvents = YES;
				INFOPLIST_KEY_UILaunchScreen_Generation = YES;
				INFOPLIST_KEY_UISupportedInterfaceOrientations_iPad = "UIInterfaceOrientationPortrait UIInterfaceOrientationPortraitUpsideDown UIInterfaceOrientationLandscapeLeft UIInterfaceOrientationLandscapeRight";
				INFOPLIST_KEY_UISupportedInterfaceOrientations_iPhone = "UIInterfaceOrientationPortrait UIInterfaceOrientationLandscapeLeft UIInterfaceOrientationLandscapeRight";
				LD_RUNPATH_SEARCH_PATHS = (
					"$(inherited)",
					"@executable_path/Frameworks",
				);
				MARKETING_VERSION = 1.0;
				PRODUCT_BUNDLE_IDENTIFIER = akardas16.VoiceGender;
				PRODUCT_NAME = "$(TARGET_NAME)";
				SWIFT_EMIT_LOC_STRINGS = YES;
				SWIFT_VERSION = 5.0;
				TARGETED_DEVICE_FAMILY = "1,2";
			};
			name = Release;
		};
/* End XCBuildConfiguration section */

/* Begin XCConfigurationList section */
		BE543384294E6A2800272219 /* Build configuration list for PBXProject "VoiceGender" */ = {
			isa = XCConfigurationList;
			buildConfigurations = (
				BE543395294E6A2900272219 /* Debug */,
				BE543396294E6A2900272219 /* Release */,
			);
			defaultConfigurationIsVisible = 0;
			defaultConfigurationName = Release;
		};
		BE543397294E6A2900272219 /* Build configuration list for PBXNativeTarget "VoiceGender" */ = {
			isa = XCConfigurationList;
			buildConfigurations = (
				BE543398294E6A2900272219 /* Debug */,
				BE543399294E6A2900272219 /* Release */,
			);
			defaultConfigurationIsVisible = 0;
			defaultConfigurationName = Release;
		};
/* End XCConfigurationList section */
	};
	rootObject = BE543381294E6A2800272219 /* Project object */;
}
